
Microsoft Visual Studio Solution File, Format Version 12.00
# Visual Studio 15
VisualStudioVersion = 15.0.27428.2043
MinimumVisualStudioVersion = 10.0.40219.1
Project("{FAE04EC0-301F-11D3-BF4B-00C04F79EFBC}") = "MyShogi", "MyShogi\MyShogi.csproj", "{A821BFE7-A6FF-40A2-B214-11EE3F37F159}"
EndProject
Global
	GlobalSection(SolutionConfigurationPlatforms) = preSolution
		Debug|Any CPU = Debug|Any CPU
		Release|Any CPU = Release|Any CPU
	EndGlobalSection
	GlobalSection(ProjectConfigurationPlatforms) = postSolution
		{A821BFE7-A6FF-40A2-B214-11EE3F37F159}.Debug|Any CPU.ActiveCfg = Debug|Any CPU
		{A821BFE7-A6FF-40A2-B214-11EE3F37F159}.Debug|Any CPU.Build.0 = Debug|Any CPU
		{A821BFE7-A6FF-40A2-B214-11EE3F37F159}.Release|Any CPU.ActiveCfg = Release|Any CPU
		{A821BFE7-A6FF-40A2-B214-11EE3F37F159}.Release|Any CPU.Build.0 = Release|Any CPU
	EndGlobalSection
	GlobalSection(SolutionProperties) = preSolution
		HideSolutionNode = FALSE
	EndGlobalSection
	GlobalSection(ExtensibilityGlobals) = postSolution
		SolutionGuid = {D94F945C-6119-4E56-BAEB-DB1F4551993A}
	EndGlobalSection
EndGlobal
