
Microsoft Visual Studio Solution File, Format Version 12.00
# Visual Studio Version 16
VisualStudioVersion = 16.0.29709.97
MinimumVisualStudioVersion = 10.0.40219.1
Project("{FAE04EC0-301F-11D3-BF4B-00C04F79EFBC}") = "MyShogi", "MyShogi\MyShogi.csproj", "{A821BFE7-A6FF-40A2-B214-11EE3F37F159}"
EndProject
Project("{930C7802-8A8C-48F9-8165-68863BCCD9DD}") = "SetupYaneuraOu", "SetupYaneuraOu\SetupYaneuraOu.wixproj", "{3C0D7C1A-F33B-45E6-BCB9-916633BFE185}"
EndProject
Global
	GlobalSection(SolutionConfigurationPlatforms) = preSolution
		Debug|Any CPU = Debug|Any CPU
		Debug|x86 = Debug|x86
		Linux|Any CPU = Linux|Any CPU
		Linux|x86 = Linux|x86
		macOS|Any CPU = macOS|Any CPU
		macOS|x86 = macOS|x86
		Release|Any CPU = Release|Any CPU
		Release|x86 = Release|x86
	EndGlobalSection
	GlobalSection(ProjectConfigurationPlatforms) = postSolution
		{A821BFE7-A6FF-40A2-B214-11EE3F37F159}.Debug|Any CPU.ActiveCfg = Debug|Any CPU
		{A821BFE7-A6FF-40A2-B214-11EE3F37F159}.Debug|Any CPU.Build.0 = Debug|Any CPU
		{A821BFE7-A6FF-40A2-B214-11EE3F37F159}.Debug|x86.ActiveCfg = Debug|Any CPU
		{A821BFE7-A6FF-40A2-B214-11EE3F37F159}.Debug|x86.Build.0 = Debug|Any CPU
		{A821BFE7-A6FF-40A2-B214-11EE3F37F159}.Linux|Any CPU.ActiveCfg = Linux|Any CPU
		{A821BFE7-A6FF-40A2-B214-11EE3F37F159}.Linux|Any CPU.Build.0 = Linux|Any CPU
		{A821BFE7-A6FF-40A2-B214-11EE3F37F159}.Linux|x86.ActiveCfg = Linux|Any CPU
		{A821BFE7-A6FF-40A2-B214-11EE3F37F159}.Linux|x86.Build.0 = Linux|Any CPU
		{A821BFE7-A6FF-40A2-B214-11EE3F37F159}.macOS|Any CPU.ActiveCfg = macOS|Any CPU
		{A821BFE7-A6FF-40A2-B214-11EE3F37F159}.macOS|Any CPU.Build.0 = macOS|Any CPU
		{A821BFE7-A6FF-40A2-B214-11EE3F37F159}.macOS|x86.ActiveCfg = macOS|Any CPU
		{A821BFE7-A6FF-40A2-B214-11EE3F37F159}.macOS|x86.Build.0 = macOS|Any CPU
		{A821BFE7-A6FF-40A2-B214-11EE3F37F159}.Release|Any CPU.ActiveCfg = Release|Any CPU
		{A821BFE7-A6FF-40A2-B214-11EE3F37F159}.Release|Any CPU.Build.0 = Release|Any CPU
		{A821BFE7-A6FF-40A2-B214-11EE3F37F159}.Release|x86.ActiveCfg = Release|Any CPU
		{A821BFE7-A6FF-40A2-B214-11EE3F37F159}.Release|x86.Build.0 = Release|Any CPU
		{3C0D7C1A-F33B-45E6-BCB9-916633BFE185}.Debug|Any CPU.ActiveCfg = Debug|x86
		{3C0D7C1A-F33B-45E6-BCB9-916633BFE185}.Debug|x86.ActiveCfg = Debug|x86
		{3C0D7C1A-F33B-45E6-BCB9-916633BFE185}.Debug|x86.Build.0 = Debug|x86
		{3C0D7C1A-F33B-45E6-BCB9-916633BFE185}.Linux|Any CPU.ActiveCfg = Release|x86
		{3C0D7C1A-F33B-45E6-BCB9-916633BFE185}.Linux|x86.ActiveCfg = Release|x86
		{3C0D7C1A-F33B-45E6-BCB9-916633BFE185}.macOS|Any CPU.ActiveCfg = Release|x86
		{3C0D7C1A-F33B-45E6-BCB9-916633BFE185}.macOS|x86.ActiveCfg = Release|x86
		{3C0D7C1A-F33B-45E6-BCB9-916633BFE185}.Release|Any CPU.ActiveCfg = Release|x86
		{3C0D7C1A-F33B-45E6-BCB9-916633BFE185}.Release|x86.ActiveCfg = Release|x86
		{3C0D7C1A-F33B-45E6-BCB9-916633BFE185}.Release|x86.Build.0 = Release|x86
	EndGlobalSection
	GlobalSection(SolutionProperties) = preSolution
		HideSolutionNode = FALSE
	EndGlobalSection
	GlobalSection(ExtensibilityGlobals) = postSolution
		SolutionGuid = {D94F945C-6119-4E56-BAEB-DB1F4551993A}
	EndGlobalSection
EndGlobal
